{
  "nodes": {
    "cachix": {
      "locked": {
        "lastModified": 1635070614,
        "narHash": "sha256-eRup9WsvSIhsRrSlNugPcQ7gfGOsbk3d4izufwVlz1Q=",
        "owner": "nixos",
        "repo": "nixpkgs",
        "rev": "3b1789322fcbcb5cf51228d732752714f1bf77da",
        "type": "github"
      },
      "original": {
        "owner": "nixos",
        "ref": "nixos-21.05",
        "repo": "nixpkgs",
        "type": "github"
      }
    },
    "fenix": {
      "inputs": {
        "nixpkgs": "nixpkgs",
        "rust-analyzer-src": "rust-analyzer-src"
      },
      "locked": {
        "lastModified": 1635143082,
        "narHash": "sha256-c9otb52r47mU3qs4vgGHIp4OmsWxG+gGePvZ1qo2KHE=",
        "owner": "nix-community",
        "repo": "fenix",
        "rev": "3c7bda8f41ce448753170a6d8257245311a59056",
        "type": "github"
      },
      "original": {
        "owner": "nix-community",
        "repo": "fenix",
        "type": "github"
      }
    },
    "fenix_2": {
      "inputs": {
        "nixpkgs": "nixpkgs_4",
        "rust-analyzer-src": "rust-analyzer-src_2"
      },
      "locked": {
        "lastModified": 1634161690,
        "narHash": "sha256-thPhsv1wYSLX+ZhuyHbQLB/TlUPpjyD4S/XlHZSxCuQ=",
        "owner": "nix-community",
        "repo": "fenix",
        "rev": "53018ee7fd8244c2252b1c3d6f4dc9aff30f1ec2",
        "type": "github"
      },
      "original": {
        "owner": "nix-community",
        "repo": "fenix",
        "type": "github"
      }
    },
    "fenix_3": {
      "inputs": {
        "nixpkgs": "nixpkgs_6",
        "rust-analyzer-src": "rust-analyzer-src_3"
      },
      "locked": {
        "lastModified": 1628735075,
        "narHash": "sha256-4lO2/7vbfMZAI2SEtnsoqGrcBwmTi9sMJo9c3jyMOqg=",
        "owner": "nix-community",
        "repo": "fenix",
        "rev": "f0f97b2fb60df3e47dbe3bcae60033e182092614",
        "type": "github"
      },
      "original": {
        "owner": "nix-community",
        "repo": "fenix",
        "type": "github"
      }
    },
    "flake-utils": {
      "locked": {
        "lastModified": 1631561581,
        "narHash": "sha256-3VQMV5zvxaVLvqqUrNz3iJelLw30mIVSfZmAaauM3dA=",
        "owner": "numtide",
        "repo": "flake-utils",
        "rev": "7e5bf3925f6fbdfaf50a2a7ca0be2879c4261d19",
        "type": "github"
      },
      "original": {
        "owner": "numtide",
        "repo": "flake-utils",
        "type": "github"
      }
    },
    "flake-utils_2": {
      "locked": {
        "lastModified": 1623875721,
        "narHash": "sha256-A8BU7bjS5GirpAUv4QA+QnJ4CceLHkcXdRp4xITDB0s=",
        "owner": "numtide",
        "repo": "flake-utils",
        "rev": "f7e004a55b120c02ecb6219596820fcd32ca8772",
        "type": "github"
      },
      "original": {
        "owner": "numtide",
        "repo": "flake-utils",
        "type": "github"
      }
    },
    "home-manager": {
      "inputs": {
        "nixpkgs": [
          "nixpkgs"
        ]
      },
      "locked": {
        "lastModified": 1635123562,
        "narHash": "sha256-kYuwQqHXDYxy5ijpm8SvCoPNx0br1TpoWeTIOEwOYvA=",
        "owner": "nix-community",
        "repo": "home-manager",
        "rev": "da8a78eec9f7adb57f9e961d1da64805efacff37",
        "type": "github"
      },
      "original": {
        "owner": "nix-community",
        "repo": "home-manager",
        "type": "github"
      }
    },
    "nixpkgs": {
      "locked": {
        "lastModified": 1634782485,
        "narHash": "sha256-psfh4OQSokGXG0lpq3zKFbhOo3QfoeudRcaUnwMRkQo=",
        "owner": "nixos",
        "repo": "nixpkgs",
        "rev": "34ad3ffe08adfca17fcb4e4a47bb5f3b113687be",
        "type": "github"
      },
      "original": {
        "owner": "nixos",
        "ref": "nixos-unstable",
        "repo": "nixpkgs",
        "type": "github"
      }
    },
    "nixpkgs-wayland": {
      "inputs": {
        "cachix": "cachix",
        "nixpkgs": "nixpkgs_3"
      },
      "locked": {
        "lastModified": 1635150504,
        "narHash": "sha256-ZtaVBWQdb3KrPa16SPOezFb522yV61Hd/RGeXhV7Av4=",
        "owner": "nix-community",
        "repo": "nixpkgs-wayland",
        "rev": "38562306c93b14bbf76ea170eec8bf9c3811d973",
        "type": "github"
      },
      "original": {
        "owner": "nix-community",
        "repo": "nixpkgs-wayland",
        "type": "github"
      }
    },
    "nixpkgs_2": {
      "locked": {
        "lastModified": 1634782485,
        "narHash": "sha256-psfh4OQSokGXG0lpq3zKFbhOo3QfoeudRcaUnwMRkQo=",
        "owner": "nixos",
        "repo": "nixpkgs",
        "rev": "34ad3ffe08adfca17fcb4e4a47bb5f3b113687be",
        "type": "github"
      },
      "original": {
        "owner": "nixos",
        "ref": "nixos-unstable",
        "repo": "nixpkgs",
        "type": "github"
      }
    },
    "nixpkgs_3": {
      "locked": {
        "lastModified": 1634782485,
        "narHash": "sha256-psfh4OQSokGXG0lpq3zKFbhOo3QfoeudRcaUnwMRkQo=",
        "owner": "nixos",
        "repo": "nixpkgs",
        "rev": "34ad3ffe08adfca17fcb4e4a47bb5f3b113687be",
        "type": "github"
      },
      "original": {
        "owner": "nixos",
        "ref": "nixos-unstable",
        "repo": "nixpkgs",
        "type": "github"
      }
    },
    "nixpkgs_4": {
      "locked": {
        "lastModified": 1633791597,
        "narHash": "sha256-HzpxqTEnqsjkKWfW87kSI3WVizYjUMQeUjSIm3b5I0Y=",
        "owner": "nixos",
        "repo": "nixpkgs",
        "rev": "9bf75dd50b7b6d3ce6aaf6563db95f41438b9bdb",
        "type": "github"
      },
      "original": {
        "owner": "nixos",
        "ref": "nixos-unstable",
        "repo": "nixpkgs",
        "type": "github"
      }
    },
    "nixpkgs_5": {
      "locked": {
        "lastModified": 1634436779,
        "narHash": "sha256-D/nrXTWpe1bPIjFy85sgiLHYqu+AeaC6v5/+KlA9PRg=",
        "owner": "nixos",
        "repo": "nixpkgs",
        "rev": "9aeeb7574fb784eaf6395f4400705b5f619e6cc3",
        "type": "github"
      },
      "original": {
        "owner": "nixos",
        "ref": "nixos-unstable",
        "repo": "nixpkgs",
        "type": "github"
      }
    },
    "nixpkgs_6": {
      "locked": {
        "lastModified": 1628605906,
        "narHash": "sha256-XqCCPDIIG4zMPJ/V757FgzGM2zypcRb1BY7u/DqHKX0=",
        "owner": "nixos",
        "repo": "nixpkgs",
        "rev": "fe01052444c1d66ed6ef76df2af798c9769e9e79",
        "type": "github"
      },
      "original": {
        "owner": "nixos",
        "ref": "nixos-unstable",
        "repo": "nixpkgs",
        "type": "github"
      }
    },
    "nixpkgs_7": {
      "locked": {
        "lastModified": 1628693817,
        "narHash": "sha256-WtlM8ptjcUUWRvbpkToKJHzLlGCEXZKGh+SfwUYHobA=",
        "owner": "nixos",
        "repo": "nixpkgs",
        "rev": "9df2cb074d72ea80ac9fd225b29060c8cf13dd39",
        "type": "github"
      },
      "original": {
        "owner": "nixos",
        "ref": "nixos-unstable",
        "repo": "nixpkgs",
        "type": "github"
      }
    },
    "root": {
      "inputs": {
        "fenix": "fenix",
        "home-manager": "home-manager",
        "nixpkgs": "nixpkgs_2",
        "nixpkgs-wayland": "nixpkgs-wayland",
        "status": "status",
        "tangram": "tangram"
      }
    },
    "rust-analyzer-src": {
      "flake": false,
      "locked": {
        "lastModified": 1635076431,
        "narHash": "sha256-3AMRwtEmITIvUdR/NINQTPatkjhmS1dQsbbsefIDYAE=",
        "owner": "rust-analyzer",
        "repo": "rust-analyzer",
        "rev": "1f47693e02809c97db61b51247ae4e4d46744c61",
        "type": "github"
      },
      "original": {
        "owner": "rust-analyzer",
        "ref": "nightly",
        "repo": "rust-analyzer",
        "type": "github"
      }
    },
    "rust-analyzer-src_2": {
      "flake": false,
      "locked": {
        "lastModified": 1634066987,
        "narHash": "sha256-YgoOqnB0OrplGOK5PEmedZp4ucgN6Ax6MxCbQrhVK4Y=",
        "owner": "rust-analyzer",
        "repo": "rust-analyzer",
        "rev": "137ac67f5dd10d8a5e83e9eeb7600993e9886c8a",
        "type": "github"
      },
      "original": {
        "owner": "rust-analyzer",
        "ref": "nightly",
        "repo": "rust-analyzer",
        "type": "github"
      }
    },
    "rust-analyzer-src_3": {
      "flake": false,
      "locked": {
        "lastModified": 1628698409,
        "narHash": "sha256-EgQ0ElIaWe3aglD0WhuZkOGY3ilSDEJtwgQaMI+P+l4=",
        "owner": "rust-analyzer",
        "repo": "rust-analyzer",
        "rev": "2511e1bc35abec0cd56695c2d52ff5e572576943",
        "type": "github"
      },
      "original": {
        "owner": "rust-analyzer",
        "ref": "nightly",
        "repo": "rust-analyzer",
        "type": "github"
      }
    },
    "status": {
      "inputs": {
        "fenix": "fenix_2",
        "flake-utils": "flake-utils",
        "nixpkgs": "nixpkgs_5"
      },
      "locked": {
        "narHash": "sha256-iqwHn5C/SBQtdKe8vvAI8on5bHIjH6X+M17ljzndJ+s=",
        "path": "./status",
        "type": "path"
      },
      "original": {
        "path": "./status",
        "type": "path"
      }
    },
    "tangram": {
      "inputs": {
        "fenix": "fenix_3",
        "flake-utils": "flake-utils_2",
        "nixpkgs": "nixpkgs_7"
      },
      "locked": {
        "lastModified": 1629232051,
        "narHash": "sha256-xdNZIUk3dmMgkHWwJnVWmbWNu7hZfMfyVVcVGwBGHwQ=",
        "owner": "tangramdotdev",
        "repo": "tangram",
        "rev": "d3472c217f0177872d40628425ea0241bb3afb24",
        "type": "github"
      },
      "original": {
        "owner": "tangramdotdev",
        "ref": "v0.7.0",
        "repo": "tangram",
        "type": "github"
      }
    }
  },
  "root": "root",
  "version": 7
}
